
Microsoft Visual Studio Solution File, Format Version 12.00
# Visual Studio Version 16
VisualStudioVersion = 16.0.29905.134
MinimumVisualStudioVersion = 10.0.40219.1
Project("{FAE04EC0-301F-11D3-BF4B-00C04F79EFBC}") = "ReminderApp.UWP", "ReminderApp.UWP\ReminderApp.UWP.csproj", "{F1603B36-944D-44F2-A2C2-5A7085FFCC2C}"
EndProject
Project("{FAE04EC0-301F-11D3-BF4B-00C04F79EFBC}") = "ReminderApp.Android", "ReminderApp.Android\ReminderApp.Android.csproj", "{81011B28-BFF3-47FC-9E60-18540927E54C}"
EndProject
Project("{FAE04EC0-301F-11D3-BF4B-00C04F79EFBC}") = "ReminderApp.iOS", "ReminderApp.iOS\ReminderApp.iOS.csproj", "{E1CAA0F8-A6E4-4115-B0C6-FD64BB58A4FD}"
EndProject
Project("{FAE04EC0-301F-11D3-BF4B-00C04F79EFBC}") = "ReminderApp", "ReminderApp\ReminderApp.csproj", "{57AA5BF8-3248-40F2-9D57-9013662C0F44}"
EndProject
Global
	GlobalSection(SolutionConfigurationPlatforms) = preSolution
		Debug|Any CPU = Debug|Any CPU
		Debug|ARM = Debug|ARM
		Debug|iPhone = Debug|iPhone
		Debug|iPhoneSimulator = Debug|iPhoneSimulator
		Debug|x64 = Debug|x64
		Debug|x86 = Debug|x86
		Release|Any CPU = Release|Any CPU
		Release|ARM = Release|ARM
		Release|iPhone = Release|iPhone
		Release|iPhoneSimulator = Release|iPhoneSimulator
		Release|x64 = Release|x64
		Release|x86 = Release|x86
	EndGlobalSection
	GlobalSection(ProjectConfigurationPlatforms) = postSolution
		{F1603B36-944D-44F2-A2C2-5A7085FFCC2C}.Debug|Any CPU.ActiveCfg = Debug|x86
		{F1603B36-944D-44F2-A2C2-5A7085FFCC2C}.Debug|Any CPU.Build.0 = Debug|x86
		{F1603B36-944D-44F2-A2C2-5A7085FFCC2C}.Debug|Any CPU.Deploy.0 = Debug|x86
		{F1603B36-944D-44F2-A2C2-5A7085FFCC2C}.Debug|ARM.ActiveCfg = Debug|ARM
		{F1603B36-944D-44F2-A2C2-5A7085FFCC2C}.Debug|ARM.Build.0 = Debug|ARM
		{F1603B36-944D-44F2-A2C2-5A7085FFCC2C}.Debug|ARM.Deploy.0 = Debug|ARM
		{F1603B36-944D-44F2-A2C2-5A7085FFCC2C}.Debug|iPhone.ActiveCfg = Debug|x86
		{F1603B36-944D-44F2-A2C2-5A7085FFCC2C}.Debug|iPhone.Build.0 = Debug|x86
		{F1603B36-944D-44F2-A2C2-5A7085FFCC2C}.Debug|iPhone.Deploy.0 = Debug|x86
		{F1603B36-944D-44F2-A2C2-5A7085FFCC2C}.Debug|iPhoneSimulator.ActiveCfg = Debug|x86
		{F1603B36-944D-44F2-A2C2-5A7085FFCC2C}.Debug|iPhoneSimulator.Build.0 = Debug|x86
		{F1603B36-944D-44F2-A2C2-5A7085FFCC2C}.Debug|iPhoneSimulator.Deploy.0 = Debug|x86
		{F1603B36-944D-44F2-A2C2-5A7085FFCC2C}.Debug|x64.ActiveCfg = Debug|x64
		{F1603B36-944D-44F2-A2C2-5A7085FFCC2C}.Debug|x64.Build.0 = Debug|x64
		{F1603B36-944D-44F2-A2C2-5A7085FFCC2C}.Debug|x64.Deploy.0 = Debug|x64
		{F1603B36-944D-44F2-A2C2-5A7085FFCC2C}.Debug|x86.ActiveCfg = Debug|x86
		{F1603B36-944D-44F2-A2C2-5A7085FFCC2C}.Debug|x86.Build.0 = Debug|x86
		{F1603B36-944D-44F2-A2C2-5A7085FFCC2C}.Debug|x86.Deploy.0 = Debug|x86
		{F1603B36-944D-44F2-A2C2-5A7085FFCC2C}.Release|Any CPU.ActiveCfg = Release|x86
		{F1603B36-944D-44F2-A2C2-5A7085FFCC2C}.Release|Any CPU.Build.0 = Release|x86
		{F1603B36-944D-44F2-A2C2-5A7085FFCC2C}.Release|Any CPU.Deploy.0 = Release|x86
		{F1603B36-944D-44F2-A2C2-5A7085FFCC2C}.Release|ARM.ActiveCfg = Release|ARM
		{F1603B36-944D-44F2-A2C2-5A7085FFCC2C}.Release|ARM.Build.0 = Release|ARM
		{F1603B36-944D-44F2-A2C2-5A7085FFCC2C}.Release|ARM.Deploy.0 = Release|ARM
		{F1603B36-944D-44F2-A2C2-5A7085FFCC2C}.Release|iPhone.ActiveCfg = Release|x86
		{F1603B36-944D-44F2-A2C2-5A7085FFCC2C}.Release|iPhone.Build.0 = Release|x86
		{F1603B36-944D-44F2-A2C2-5A7085FFCC2C}.Release|iPhone.Deploy.0 = Release|x86
		{F1603B36-944D-44F2-A2C2-5A7085FFCC2C}.Release|iPhoneSimulator.ActiveCfg = Release|x86
		{F1603B36-944D-44F2-A2C2-5A7085FFCC2C}.Release|iPhoneSimulator.Build.0 = Release|x86
		{F1603B36-944D-44F2-A2C2-5A7085FFCC2C}.Release|iPhoneSimulator.Deploy.0 = Release|x86
		{F1603B36-944D-44F2-A2C2-5A7085FFCC2C}.Release|x64.ActiveCfg = Release|x64
		{F1603B36-944D-44F2-A2C2-5A7085FFCC2C}.Release|x64.Build.0 = Release|x64
		{F1603B36-944D-44F2-A2C2-5A7085FFCC2C}.Release|x64.Deploy.0 = Release|x64
		{F1603B36-944D-44F2-A2C2-5A7085FFCC2C}.Release|x86.ActiveCfg = Release|x86
		{F1603B36-944D-44F2-A2C2-5A7085FFCC2C}.Release|x86.Build.0 = Release|x86
		{F1603B36-944D-44F2-A2C2-5A7085FFCC2C}.Release|x86.Deploy.0 = Release|x86
		{81011B28-BFF3-47FC-9E60-18540927E54C}.Debug|Any CPU.ActiveCfg = Debug|Any CPU
		{81011B28-BFF3-47FC-9E60-18540927E54C}.Debug|Any CPU.Build.0 = Debug|Any CPU
		{81011B28-BFF3-47FC-9E60-18540927E54C}.Debug|Any CPU.Deploy.0 = Debug|Any CPU
		{81011B28-BFF3-47FC-9E60-18540927E54C}.Debug|ARM.ActiveCfg = Debug|Any CPU
		{81011B28-BFF3-47FC-9E60-18540927E54C}.Debug|ARM.Build.0 = Debug|Any CPU
		{81011B28-BFF3-47FC-9E60-18540927E54C}.Debug|ARM.Deploy.0 = Debug|Any CPU
		{81011B28-BFF3-47FC-9E60-18540927E54C}.Debug|iPhone.ActiveCfg = Debug|Any CPU
		{81011B28-BFF3-47FC-9E60-18540927E54C}.Debug|iPhone.Build.0 = Debug|Any CPU
		{81011B28-BFF3-47FC-9E60-18540927E54C}.Debug|iPhone.Deploy.0 = Debug|Any CPU
		{81011B28-BFF3-47FC-9E60-18540927E54C}.Debug|iPhoneSimulator.ActiveCfg = Debug|Any CPU
		{81011B28-BFF3-47FC-9E60-18540927E54C}.Debug|iPhoneSimulator.Build.0 = Debug|Any CPU
		{81011B28-BFF3-47FC-9E60-18540927E54C}.Debug|iPhoneSimulator.Deploy.0 = Debug|Any CPU
		{81011B28-BFF3-47FC-9E60-18540927E54C}.Debug|x64.ActiveCfg = Debug|Any CPU
		{81011B28-BFF3-47FC-9E60-18540927E54C}.Debug|x64.Build.0 = Debug|Any CPU
		{81011B28-BFF3-47FC-9E60-18540927E54C}.Debug|x64.Deploy.0 = Debug|Any CPU
		{81011B28-BFF3-47FC-9E60-18540927E54C}.Debug|x86.ActiveCfg = Debug|Any CPU
		{81011B28-BFF3-47FC-9E60-18540927E54C}.Debug|x86.Build.0 = Debug|Any CPU
		{81011B28-BFF3-47FC-9E60-18540927E54C}.Debug|x86.Deploy.0 = Debug|Any CPU
		{81011B28-BFF3-47FC-9E60-18540927E54C}.Release|Any CPU.ActiveCfg = Release|Any CPU
		{81011B28-BFF3-47FC-9E60-18540927E54C}.Release|Any CPU.Build.0 = Release|Any CPU
		{81011B28-BFF3-47FC-9E60-18540927E54C}.Release|Any CPU.Deploy.0 = Release|Any CPU
		{81011B28-BFF3-47FC-9E60-18540927E54C}.Release|ARM.ActiveCfg = Release|Any CPU
		{81011B28-BFF3-47FC-9E60-18540927E54C}.Release|ARM.Build.0 = Release|Any CPU
		{81011B28-BFF3-47FC-9E60-18540927E54C}.Release|ARM.Deploy.0 = Release|Any CPU
		{81011B28-BFF3-47FC-9E60-18540927E54C}.Release|iPhone.ActiveCfg = Release|Any CPU
		{81011B28-BFF3-47FC-9E60-18540927E54C}.Release|iPhone.Build.0 = Release|Any CPU
		{81011B28-BFF3-47FC-9E60-18540927E54C}.Release|iPhone.Deploy.0 = Release|Any CPU
		{81011B28-BFF3-47FC-9E60-18540927E54C}.Release|iPhoneSimulator.ActiveCfg = Release|Any CPU
		{81011B28-BFF3-47FC-9E60-18540927E54C}.Release|iPhoneSimulator.Build.0 = Release|Any CPU
		{81011B28-BFF3-47FC-9E60-18540927E54C}.Release|iPhoneSimulator.Deploy.0 = Release|Any CPU
		{81011B28-BFF3-47FC-9E60-18540927E54C}.Release|x64.ActiveCfg = Release|Any CPU
		{81011B28-BFF3-47FC-9E60-18540927E54C}.Release|x64.Build.0 = Release|Any CPU
		{81011B28-BFF3-47FC-9E60-18540927E54C}.Release|x64.Deploy.0 = Release|Any CPU
		{81011B28-BFF3-47FC-9E60-18540927E54C}.Release|x86.ActiveCfg = Release|Any CPU
		{81011B28-BFF3-47FC-9E60-18540927E54C}.Release|x86.Build.0 = Release|Any CPU
		{81011B28-BFF3-47FC-9E60-18540927E54C}.Release|x86.Deploy.0 = Release|Any CPU
		{E1CAA0F8-A6E4-4115-B0C6-FD64BB58A4FD}.Debug|Any CPU.ActiveCfg = Debug|iPhone
		{E1CAA0F8-A6E4-4115-B0C6-FD64BB58A4FD}.Debug|Any CPU.Build.0 = Debug|iPhone
		{E1CAA0F8-A6E4-4115-B0C6-FD64BB58A4FD}.Debug|Any CPU.Deploy.0 = Debug|iPhone
		{E1CAA0F8-A6E4-4115-B0C6-FD64BB58A4FD}.Debug|ARM.ActiveCfg = Debug|iPhoneSimulator
		{E1CAA0F8-A6E4-4115-B0C6-FD64BB58A4FD}.Debug|ARM.Build.0 = Debug|iPhoneSimulator
		{E1CAA0F8-A6E4-4115-B0C6-FD64BB58A4FD}.Debug|ARM.Deploy.0 = Debug|iPhoneSimulator
		{E1CAA0F8-A6E4-4115-B0C6-FD64BB58A4FD}.Debug|iPhone.ActiveCfg = Debug|iPhone
		{E1CAA0F8-A6E4-4115-B0C6-FD64BB58A4FD}.Debug|iPhone.Build.0 = Debug|iPhone
		{E1CAA0F8-A6E4-4115-B0C6-FD64BB58A4FD}.Debug|iPhone.Deploy.0 = Debug|iPhone
		{E1CAA0F8-A6E4-4115-B0C6-FD64BB58A4FD}.Debug|iPhoneSimulator.ActiveCfg = Debug|iPhoneSimulator
		{E1CAA0F8-A6E4-4115-B0C6-FD64BB58A4FD}.Debug|iPhoneSimulator.Build.0 = Debug|iPhoneSimulator
		{E1CAA0F8-A6E4-4115-B0C6-FD64BB58A4FD}.Debug|iPhoneSimulator.Deploy.0 = Debug|iPhoneSimulator
		{E1CAA0F8-A6E4-4115-B0C6-FD64BB58A4FD}.Debug|x64.ActiveCfg = Debug|iPhone
		{E1CAA0F8-A6E4-4115-B0C6-FD64BB58A4FD}.Debug|x64.Build.0 = Debug|iPhone
		{E1CAA0F8-A6E4-4115-B0C6-FD64BB58A4FD}.Debug|x64.Deploy.0 = Debug|iPhone
		{E1CAA0F8-A6E4-4115-B0C6-FD64BB58A4FD}.Debug|x86.ActiveCfg = Debug|iPhone
		{E1CAA0F8-A6E4-4115-B0C6-FD64BB58A4FD}.Debug|x86.Build.0 = Debug|iPhone
		{E1CAA0F8-A6E4-4115-B0C6-FD64BB58A4FD}.Debug|x86.Deploy.0 = Debug|iPhone
		{E1CAA0F8-A6E4-4115-B0C6-FD64BB58A4FD}.Release|Any CPU.ActiveCfg = Release|iPhone
		{E1CAA0F8-A6E4-4115-B0C6-FD64BB58A4FD}.Release|Any CPU.Build.0 = Release|iPhone
		{E1CAA0F8-A6E4-4115-B0C6-FD64BB58A4FD}.Release|Any CPU.Deploy.0 = Release|iPhone
		{E1CAA0F8-A6E4-4115-B0C6-FD64BB58A4FD}.Release|ARM.ActiveCfg = Release|iPhone
		{E1CAA0F8-A6E4-4115-B0C6-FD64BB58A4FD}.Release|ARM.Build.0 = Release|iPhone
		{E1CAA0F8-A6E4-4115-B0C6-FD64BB58A4FD}.Release|ARM.Deploy.0 = Release|iPhone
		{E1CAA0F8-A6E4-4115-B0C6-FD64BB58A4FD}.Release|iPhone.ActiveCfg = Release|iPhone
		{E1CAA0F8-A6E4-4115-B0C6-FD64BB58A4FD}.Release|iPhone.Build.0 = Release|iPhone
		{E1CAA0F8-A6E4-4115-B0C6-FD64BB58A4FD}.Release|iPhone.Deploy.0 = Release|iPhone
		{E1CAA0F8-A6E4-4115-B0C6-FD64BB58A4FD}.Release|iPhoneSimulator.ActiveCfg = Release|iPhoneSimulator
		{E1CAA0F8-A6E4-4115-B0C6-FD64BB58A4FD}.Release|iPhoneSimulator.Build.0 = Release|iPhoneSimulator
		{E1CAA0F8-A6E4-4115-B0C6-FD64BB58A4FD}.Release|iPhoneSimulator.Deploy.0 = Release|iPhoneSimulator
		{E1CAA0F8-A6E4-4115-B0C6-FD64BB58A4FD}.Release|x64.ActiveCfg = Release|iPhone
		{E1CAA0F8-A6E4-4115-B0C6-FD64BB58A4FD}.Release|x64.Build.0 = Release|iPhone
		{E1CAA0F8-A6E4-4115-B0C6-FD64BB58A4FD}.Release|x64.Deploy.0 = Release|iPhone
		{E1CAA0F8-A6E4-4115-B0C6-FD64BB58A4FD}.Release|x86.ActiveCfg = Release|iPhone
		{E1CAA0F8-A6E4-4115-B0C6-FD64BB58A4FD}.Release|x86.Build.0 = Release|iPhone
		{E1CAA0F8-A6E4-4115-B0C6-FD64BB58A4FD}.Release|x86.Deploy.0 = Release|iPhone
		{57AA5BF8-3248-40F2-9D57-9013662C0F44}.Debug|Any CPU.ActiveCfg = Debug|Any CPU
		{57AA5BF8-3248-40F2-9D57-9013662C0F44}.Debug|Any CPU.Build.0 = Debug|Any CPU
		{57AA5BF8-3248-40F2-9D57-9013662C0F44}.Debug|Any CPU.Deploy.0 = Debug|Any CPU
		{57AA5BF8-3248-40F2-9D57-9013662C0F44}.Debug|ARM.ActiveCfg = Debug|Any CPU
		{57AA5BF8-3248-40F2-9D57-9013662C0F44}.Debug|ARM.Build.0 = Debug|Any CPU
		{57AA5BF8-3248-40F2-9D57-9013662C0F44}.Debug|ARM.Deploy.0 = Debug|Any CPU
		{57AA5BF8-3248-40F2-9D57-9013662C0F44}.Debug|iPhone.ActiveCfg = Debug|Any CPU
		{57AA5BF8-3248-40F2-9D57-9013662C0F44}.Debug|iPhone.Build.0 = Debug|Any CPU
		{57AA5BF8-3248-40F2-9D57-9013662C0F44}.Debug|iPhone.Deploy.0 = Debug|Any CPU
		{57AA5BF8-3248-40F2-9D57-9013662C0F44}.Debug|iPhoneSimulator.ActiveCfg = Debug|Any CPU
		{57AA5BF8-3248-40F2-9D57-9013662C0F44}.Debug|iPhoneSimulator.Build.0 = Debug|Any CPU
		{57AA5BF8-3248-40F2-9D57-9013662C0F44}.Debug|iPhoneSimulator.Deploy.0 = Debug|Any CPU
		{57AA5BF8-3248-40F2-9D57-9013662C0F44}.Debug|x64.ActiveCfg = Debug|Any CPU
		{57AA5BF8-3248-40F2-9D57-9013662C0F44}.Debug|x64.Build.0 = Debug|Any CPU
		{57AA5BF8-3248-40F2-9D57-9013662C0F44}.Debug|x64.Deploy.0 = Debug|Any CPU
		{57AA5BF8-3248-40F2-9D57-9013662C0F44}.Debug|x86.ActiveCfg = Debug|Any CPU
		{57AA5BF8-3248-40F2-9D57-9013662C0F44}.Debug|x86.Build.0 = Debug|Any CPU
		{57AA5BF8-3248-40F2-9D57-9013662C0F44}.Debug|x86.Deploy.0 = Debug|Any CPU
		{57AA5BF8-3248-40F2-9D57-9013662C0F44}.Release|Any CPU.ActiveCfg = Release|Any CPU
		{57AA5BF8-3248-40F2-9D57-9013662C0F44}.Release|Any CPU.Build.0 = Release|Any CPU
		{57AA5BF8-3248-40F2-9D57-9013662C0F44}.Release|Any CPU.Deploy.0 = Release|Any CPU
		{57AA5BF8-3248-40F2-9D57-9013662C0F44}.Release|ARM.ActiveCfg = Release|Any CPU
		{57AA5BF8-3248-40F2-9D57-9013662C0F44}.Release|ARM.Build.0 = Release|Any CPU
		{57AA5BF8-3248-40F2-9D57-9013662C0F44}.Release|ARM.Deploy.0 = Release|Any CPU
		{57AA5BF8-3248-40F2-9D57-9013662C0F44}.Release|iPhone.ActiveCfg = Release|Any CPU
		{57AA5BF8-3248-40F2-9D57-9013662C0F44}.Release|iPhone.Build.0 = Release|Any CPU
		{57AA5BF8-3248-40F2-9D57-9013662C0F44}.Release|iPhone.Deploy.0 = Release|Any CPU
		{57AA5BF8-3248-40F2-9D57-9013662C0F44}.Release|iPhoneSimulator.ActiveCfg = Release|Any CPU
		{57AA5BF8-3248-40F2-9D57-9013662C0F44}.Release|iPhoneSimulator.Build.0 = Release|Any CPU
		{57AA5BF8-3248-40F2-9D57-9013662C0F44}.Release|iPhoneSimulator.Deploy.0 = Release|Any CPU
		{57AA5BF8-3248-40F2-9D57-9013662C0F44}.Release|x64.ActiveCfg = Release|Any CPU
		{57AA5BF8-3248-40F2-9D57-9013662C0F44}.Release|x64.Build.0 = Release|Any CPU
		{57AA5BF8-3248-40F2-9D57-9013662C0F44}.Release|x64.Deploy.0 = Release|Any CPU
		{57AA5BF8-3248-40F2-9D57-9013662C0F44}.Release|x86.ActiveCfg = Release|Any CPU
		{57AA5BF8-3248-40F2-9D57-9013662C0F44}.Release|x86.Build.0 = Release|Any CPU
		{57AA5BF8-3248-40F2-9D57-9013662C0F44}.Release|x86.Deploy.0 = Release|Any CPU
	EndGlobalSection
	GlobalSection(SolutionProperties) = preSolution
		HideSolutionNode = FALSE
	EndGlobalSection
	GlobalSection(ExtensibilityGlobals) = postSolution
		SolutionGuid = {DCE53F63-1576-47BF-AC90-96B7177CF866}
	EndGlobalSection
EndGlobal
